
Microsoft Visual Studio Solution File, Format Version 12.00
# Visual Studio Version 16
VisualStudioVersion = 16.0.31424.327
MinimumVisualStudioVersion = 10.0.40219.1
Project("{FAE04EC0-301F-11D3-BF4B-00C04F79EFBC}") = "WebApiExample24", "WebApiExample24\WebApiExample24.csproj", "{525E4073-5652-47D9-B228-326D87605AAA}"
EndProject
Global
	GlobalSection(SolutionConfigurationPlatforms) = preSolution
		Debug|Any CPU = Debug|Any CPU
		Release|Any CPU = Release|Any CPU
	EndGlobalSection
	GlobalSection(ProjectConfigurationPlatforms) = postSolution
		{525E4073-5652-47D9-B228-326D87605AAA}.Debug|Any CPU.ActiveCfg = Debug|Any CPU
		{525E4073-5652-47D9-B228-326D87605AAA}.Debug|Any CPU.Build.0 = Debug|Any CPU
		{525E4073-5652-47D9-B228-326D87605AAA}.Release|Any CPU.ActiveCfg = Release|Any CPU
		{525E4073-5652-47D9-B228-326D87605AAA}.Release|Any CPU.Build.0 = Release|Any CPU
	EndGlobalSection
	GlobalSection(SolutionProperties) = preSolution
		HideSolutionNode = FALSE
	EndGlobalSection
	GlobalSection(ExtensibilityGlobals) = postSolution
		SolutionGuid = {48AF607B-D2CC-4ADD-9235-7677113F1CC9}
	EndGlobalSection
EndGlobal
